
Microsoft Visual Studio Solution File, Format Version 12.00
# Visual Studio Version 17
VisualStudioVersion = 17.7.34024.191
MinimumVisualStudioVersion = 10.0.40219.1
Project("{2150E333-8FDC-42A3-9474-1A3956D46DE8}") = "Kyu 6 - Multiples of 3 or 5", "Kyu 6 - Multiples of 3 or 5", "{D259D068-083A-473C-AD18-43E09B7816B5}"
EndProject
Project("{2150E333-8FDC-42A3-9474-1A3956D46DE8}") = "Kyu 6 - Split Strings", "Kyu 6 - Split Strings", "{45188ED4-11D5-46DD-9C83-A64CD22292F2}"
EndProject
Project("{2150E333-8FDC-42A3-9474-1A3956D46DE8}") = "Kyu 7 - Consecutive numbers", "Kyu 7 - Consecutive numbers", "{EBEA6BDE-08EF-4845-821F-5B5D514D3BEB}"
EndProject
Project("{2150E333-8FDC-42A3-9474-1A3956D46DE8}") = "Kyu 8 - Multiply", "Kyu 8 - Multiply", "{72EC37B8-BCB0-4EFF-8BD8-6FB806938861}"
EndProject
Project("{2150E333-8FDC-42A3-9474-1A3956D46DE8}") = "Kyu 8 - Grasshopper", "Kyu 8 - Grasshopper", "{21457588-26CD-4525-9467-02101DDFB51F}"
EndProject
Project("{FAE04EC0-301F-11D3-BF4B-00C04F79EFBC}") = "KataSolution", "Kata Solutions\Kyu 6 - Split Strings\KataSolution\KataSolution.csproj", "{93E5AF36-0F60-426D-B954-4E91309B4645}"
EndProject
Project("{9A19103F-16F7-4668-BE54-9A1E7A4F7556}") = "TestProject", "Kata Solutions\Kyu 6 - Split Strings\TestProject\TestProject.csproj", "{265CEF41-1B3A-48B2-80AF-5BB687AC40C8}"
EndProject
Project("{FAE04EC0-301F-11D3-BF4B-00C04F79EFBC}") = "KataSolution", "Kata Solutions\Kyu 8 - Grasshopper\KataSolution\KataSolution.csproj", "{6410BBF8-08E4-4F5C-AE7B-3BCFC0EA6A2A}"
EndProject
Project("{9A19103F-16F7-4668-BE54-9A1E7A4F7556}") = "TestProject", "Kata Solutions\Kyu 8 - Grasshopper\TestProject\TestProject.csproj", "{0F0D63AD-7930-41B4-AC61-6C73EB4BDE20}"
EndProject
Project("{FAE04EC0-301F-11D3-BF4B-00C04F79EFBC}") = "KataSolution", "Kata Solutions\Kyu 8 - Multiply\KataSolution\KataSolution.csproj", "{F39D9929-8477-49C0-8D50-09FB1E8D9EC9}"
EndProject
Project("{9A19103F-16F7-4668-BE54-9A1E7A4F7556}") = "TestProject", "Kata Solutions\Kyu 8 - Multiply\TestProject\TestProject.csproj", "{6679E595-0EA5-4127-86D8-EBF3CB1F2DF0}"
EndProject
Project("{2150E333-8FDC-42A3-9474-1A3956D46DE8}") = "Kyu 5 - Maximum subarray sum", "Kyu 5 - Maximum subarray sum", "{38385B14-BF20-4B04-B556-AC82531A6C0F}"
EndProject
Project("{FAE04EC0-301F-11D3-BF4B-00C04F79EFBC}") = "KataSolution", "Kata Solutions\Kyu 5 - Maximum subarray sum\KataSolution\KataSolution.csproj", "{123C11EF-A4A2-40E3-A55C-BD8D83E63D0A}"
EndProject
Project("{9A19103F-16F7-4668-BE54-9A1E7A4F7556}") = "TestProject", "Kata Solutions\Kyu 5 - Maximum subarray sum\TestProject\TestProject.csproj", "{331780A7-7577-4F3E-AEEE-B4B1BF252EF4}"
EndProject
Project("{FAE04EC0-301F-11D3-BF4B-00C04F79EFBC}") = "KataSolution", "Kata Solutions\Kyu 6 - Multiples of 3 or 5\KataSolution\KataSolution.csproj", "{33EA8DAE-E6FA-4B97-AC68-4D205F9EB182}"
EndProject
Project("{9A19103F-16F7-4668-BE54-9A1E7A4F7556}") = "TestProject", "Kata Solutions\Kyu 6 - Multiples of 3 or 5\TestProject\TestProject.csproj", "{44C2432A-B110-4457-BD3C-28CCACB43ADB}"
EndProject
Project("{FAE04EC0-301F-11D3-BF4B-00C04F79EFBC}") = "KataSolution", "Kata Solutions\Kyu 7 - Consecutive numbers\KataSolution\KataSolution.csproj", "{61FB9EBE-60D0-447E-9456-A12DCC168C4D}"
EndProject
Project("{9A19103F-16F7-4668-BE54-9A1E7A4F7556}") = "TestProject", "Kata Solutions\Kyu 7 - Consecutive numbers\TestProject\TestProject.csproj", "{C01E7BD3-2730-46BA-BC70-85A3E7DF906D}"
EndProject
Project("{2150E333-8FDC-42A3-9474-1A3956D46DE8}") = "Kyu 8 - To square or not to square", "Kyu 8 - To square or not to square", "{4AB98490-2BE5-45C3-9690-7CCAF3F1E01C}"
EndProject
Project("{FAE04EC0-301F-11D3-BF4B-00C04F79EFBC}") = "KataSolution", "Kata Solutions\Kyu 8 - To square or not to square\KataSolution\KataSolution.csproj", "{BEC00E96-EE34-4ECA-9691-FF09C11B22FA}"
EndProject
Project("{9A19103F-16F7-4668-BE54-9A1E7A4F7556}") = "TestProject", "Kata Solutions\Kyu 8 - To square or not to square\TestProject\TestProject.csproj", "{E3BB7DE8-DEB7-4698-819D-430F90CF8B21}"
EndProject
Project("{2150E333-8FDC-42A3-9474-1A3956D46DE8}") = "Kyu 6 - Valid Braces", "Kyu 6 - Valid Braces", "{97AC1225-1A60-4F6F-B27F-3C1A6F17A57B}"
EndProject
Project("{FAE04EC0-301F-11D3-BF4B-00C04F79EFBC}") = "KataSolution", "Kata Solutions\Kyu 6 - Valid Braces\KataSolution\KataSolution.csproj", "{3A40782C-36A8-42D0-A2A5-A6925A4EDBB6}"
EndProject
Project("{FAE04EC0-301F-11D3-BF4B-00C04F79EFBC}") = "TestProject", "Kata Solutions\Kyu 6 - Valid Braces\TestProject\TestProject.csproj", "{41686E91-5D19-47A2-BF23-47DE6C560472}"
EndProject
Global
	GlobalSection(SolutionConfigurationPlatforms) = preSolution
		Debug|Any CPU = Debug|Any CPU
		Release|Any CPU = Release|Any CPU
	EndGlobalSection
	GlobalSection(ProjectConfigurationPlatforms) = postSolution
		{93E5AF36-0F60-426D-B954-4E91309B4645}.Debug|Any CPU.ActiveCfg = Debug|Any CPU
		{93E5AF36-0F60-426D-B954-4E91309B4645}.Debug|Any CPU.Build.0 = Debug|Any CPU
		{93E5AF36-0F60-426D-B954-4E91309B4645}.Release|Any CPU.ActiveCfg = Release|Any CPU
		{93E5AF36-0F60-426D-B954-4E91309B4645}.Release|Any CPU.Build.0 = Release|Any CPU
		{265CEF41-1B3A-48B2-80AF-5BB687AC40C8}.Debug|Any CPU.ActiveCfg = Debug|Any CPU
		{265CEF41-1B3A-48B2-80AF-5BB687AC40C8}.Debug|Any CPU.Build.0 = Debug|Any CPU
		{265CEF41-1B3A-48B2-80AF-5BB687AC40C8}.Release|Any CPU.ActiveCfg = Release|Any CPU
		{265CEF41-1B3A-48B2-80AF-5BB687AC40C8}.Release|Any CPU.Build.0 = Release|Any CPU
		{6410BBF8-08E4-4F5C-AE7B-3BCFC0EA6A2A}.Debug|Any CPU.ActiveCfg = Debug|Any CPU
		{6410BBF8-08E4-4F5C-AE7B-3BCFC0EA6A2A}.Debug|Any CPU.Build.0 = Debug|Any CPU
		{6410BBF8-08E4-4F5C-AE7B-3BCFC0EA6A2A}.Release|Any CPU.ActiveCfg = Release|Any CPU
		{6410BBF8-08E4-4F5C-AE7B-3BCFC0EA6A2A}.Release|Any CPU.Build.0 = Release|Any CPU
		{0F0D63AD-7930-41B4-AC61-6C73EB4BDE20}.Debug|Any CPU.ActiveCfg = Debug|Any CPU
		{0F0D63AD-7930-41B4-AC61-6C73EB4BDE20}.Debug|Any CPU.Build.0 = Debug|Any CPU
		{0F0D63AD-7930-41B4-AC61-6C73EB4BDE20}.Release|Any CPU.ActiveCfg = Release|Any CPU
		{0F0D63AD-7930-41B4-AC61-6C73EB4BDE20}.Release|Any CPU.Build.0 = Release|Any CPU
		{F39D9929-8477-49C0-8D50-09FB1E8D9EC9}.Debug|Any CPU.ActiveCfg = Debug|Any CPU
		{F39D9929-8477-49C0-8D50-09FB1E8D9EC9}.Debug|Any CPU.Build.0 = Debug|Any CPU
		{F39D9929-8477-49C0-8D50-09FB1E8D9EC9}.Release|Any CPU.ActiveCfg = Release|Any CPU
		{F39D9929-8477-49C0-8D50-09FB1E8D9EC9}.Release|Any CPU.Build.0 = Release|Any CPU
		{6679E595-0EA5-4127-86D8-EBF3CB1F2DF0}.Debug|Any CPU.ActiveCfg = Debug|Any CPU
		{6679E595-0EA5-4127-86D8-EBF3CB1F2DF0}.Debug|Any CPU.Build.0 = Debug|Any CPU
		{6679E595-0EA5-4127-86D8-EBF3CB1F2DF0}.Release|Any CPU.ActiveCfg = Release|Any CPU
		{6679E595-0EA5-4127-86D8-EBF3CB1F2DF0}.Release|Any CPU.Build.0 = Release|Any CPU
		{123C11EF-A4A2-40E3-A55C-BD8D83E63D0A}.Debug|Any CPU.ActiveCfg = Debug|Any CPU
		{123C11EF-A4A2-40E3-A55C-BD8D83E63D0A}.Debug|Any CPU.Build.0 = Debug|Any CPU
		{123C11EF-A4A2-40E3-A55C-BD8D83E63D0A}.Release|Any CPU.ActiveCfg = Release|Any CPU
		{123C11EF-A4A2-40E3-A55C-BD8D83E63D0A}.Release|Any CPU.Build.0 = Release|Any CPU
		{331780A7-7577-4F3E-AEEE-B4B1BF252EF4}.Debug|Any CPU.ActiveCfg = Debug|Any CPU
		{331780A7-7577-4F3E-AEEE-B4B1BF252EF4}.Debug|Any CPU.Build.0 = Debug|Any CPU
		{331780A7-7577-4F3E-AEEE-B4B1BF252EF4}.Release|Any CPU.ActiveCfg = Release|Any CPU
		{331780A7-7577-4F3E-AEEE-B4B1BF252EF4}.Release|Any CPU.Build.0 = Release|Any CPU
		{33EA8DAE-E6FA-4B97-AC68-4D205F9EB182}.Debug|Any CPU.ActiveCfg = Debug|Any CPU
		{33EA8DAE-E6FA-4B97-AC68-4D205F9EB182}.Debug|Any CPU.Build.0 = Debug|Any CPU
		{33EA8DAE-E6FA-4B97-AC68-4D205F9EB182}.Release|Any CPU.ActiveCfg = Release|Any CPU
		{33EA8DAE-E6FA-4B97-AC68-4D205F9EB182}.Release|Any CPU.Build.0 = Release|Any CPU
		{44C2432A-B110-4457-BD3C-28CCACB43ADB}.Debug|Any CPU.ActiveCfg = Debug|Any CPU
		{44C2432A-B110-4457-BD3C-28CCACB43ADB}.Debug|Any CPU.Build.0 = Debug|Any CPU
		{44C2432A-B110-4457-BD3C-28CCACB43ADB}.Release|Any CPU.ActiveCfg = Release|Any CPU
		{44C2432A-B110-4457-BD3C-28CCACB43ADB}.Release|Any CPU.Build.0 = Release|Any CPU
		{61FB9EBE-60D0-447E-9456-A12DCC168C4D}.Debug|Any CPU.ActiveCfg = Debug|Any CPU
		{61FB9EBE-60D0-447E-9456-A12DCC168C4D}.Debug|Any CPU.Build.0 = Debug|Any CPU
		{61FB9EBE-60D0-447E-9456-A12DCC168C4D}.Release|Any CPU.ActiveCfg = Release|Any CPU
		{61FB9EBE-60D0-447E-9456-A12DCC168C4D}.Release|Any CPU.Build.0 = Release|Any CPU
		{C01E7BD3-2730-46BA-BC70-85A3E7DF906D}.Debug|Any CPU.ActiveCfg = Debug|Any CPU
		{C01E7BD3-2730-46BA-BC70-85A3E7DF906D}.Debug|Any CPU.Build.0 = Debug|Any CPU
		{C01E7BD3-2730-46BA-BC70-85A3E7DF906D}.Release|Any CPU.ActiveCfg = Release|Any CPU
		{C01E7BD3-2730-46BA-BC70-85A3E7DF906D}.Release|Any CPU.Build.0 = Release|Any CPU
		{BEC00E96-EE34-4ECA-9691-FF09C11B22FA}.Debug|Any CPU.ActiveCfg = Debug|Any CPU
		{BEC00E96-EE34-4ECA-9691-FF09C11B22FA}.Debug|Any CPU.Build.0 = Debug|Any CPU
		{BEC00E96-EE34-4ECA-9691-FF09C11B22FA}.Release|Any CPU.ActiveCfg = Release|Any CPU
		{BEC00E96-EE34-4ECA-9691-FF09C11B22FA}.Release|Any CPU.Build.0 = Release|Any CPU
		{E3BB7DE8-DEB7-4698-819D-430F90CF8B21}.Debug|Any CPU.ActiveCfg = Debug|Any CPU
		{E3BB7DE8-DEB7-4698-819D-430F90CF8B21}.Debug|Any CPU.Build.0 = Debug|Any CPU
		{E3BB7DE8-DEB7-4698-819D-430F90CF8B21}.Release|Any CPU.ActiveCfg = Release|Any CPU
		{E3BB7DE8-DEB7-4698-819D-430F90CF8B21}.Release|Any CPU.Build.0 = Release|Any CPU
		{3A40782C-36A8-42D0-A2A5-A6925A4EDBB6}.Debug|Any CPU.ActiveCfg = Debug|Any CPU
		{3A40782C-36A8-42D0-A2A5-A6925A4EDBB6}.Debug|Any CPU.Build.0 = Debug|Any CPU
		{3A40782C-36A8-42D0-A2A5-A6925A4EDBB6}.Release|Any CPU.ActiveCfg = Release|Any CPU
		{3A40782C-36A8-42D0-A2A5-A6925A4EDBB6}.Release|Any CPU.Build.0 = Release|Any CPU
		{41686E91-5D19-47A2-BF23-47DE6C560472}.Debug|Any CPU.ActiveCfg = Debug|Any CPU
		{41686E91-5D19-47A2-BF23-47DE6C560472}.Debug|Any CPU.Build.0 = Debug|Any CPU
		{41686E91-5D19-47A2-BF23-47DE6C560472}.Release|Any CPU.ActiveCfg = Release|Any CPU
		{41686E91-5D19-47A2-BF23-47DE6C560472}.Release|Any CPU.Build.0 = Release|Any CPU
	EndGlobalSection
	GlobalSection(SolutionProperties) = preSolution
		HideSolutionNode = FALSE
	EndGlobalSection
	GlobalSection(NestedProjects) = preSolution
		{93E5AF36-0F60-426D-B954-4E91309B4645} = {45188ED4-11D5-46DD-9C83-A64CD22292F2}
		{265CEF41-1B3A-48B2-80AF-5BB687AC40C8} = {45188ED4-11D5-46DD-9C83-A64CD22292F2}
		{6410BBF8-08E4-4F5C-AE7B-3BCFC0EA6A2A} = {21457588-26CD-4525-9467-02101DDFB51F}
		{0F0D63AD-7930-41B4-AC61-6C73EB4BDE20} = {21457588-26CD-4525-9467-02101DDFB51F}
		{F39D9929-8477-49C0-8D50-09FB1E8D9EC9} = {72EC37B8-BCB0-4EFF-8BD8-6FB806938861}
		{6679E595-0EA5-4127-86D8-EBF3CB1F2DF0} = {72EC37B8-BCB0-4EFF-8BD8-6FB806938861}
		{123C11EF-A4A2-40E3-A55C-BD8D83E63D0A} = {38385B14-BF20-4B04-B556-AC82531A6C0F}
		{331780A7-7577-4F3E-AEEE-B4B1BF252EF4} = {38385B14-BF20-4B04-B556-AC82531A6C0F}
		{33EA8DAE-E6FA-4B97-AC68-4D205F9EB182} = {D259D068-083A-473C-AD18-43E09B7816B5}
		{44C2432A-B110-4457-BD3C-28CCACB43ADB} = {D259D068-083A-473C-AD18-43E09B7816B5}
		{61FB9EBE-60D0-447E-9456-A12DCC168C4D} = {EBEA6BDE-08EF-4845-821F-5B5D514D3BEB}
		{C01E7BD3-2730-46BA-BC70-85A3E7DF906D} = {EBEA6BDE-08EF-4845-821F-5B5D514D3BEB}
		{BEC00E96-EE34-4ECA-9691-FF09C11B22FA} = {4AB98490-2BE5-45C3-9690-7CCAF3F1E01C}
		{E3BB7DE8-DEB7-4698-819D-430F90CF8B21} = {4AB98490-2BE5-45C3-9690-7CCAF3F1E01C}
		{3A40782C-36A8-42D0-A2A5-A6925A4EDBB6} = {97AC1225-1A60-4F6F-B27F-3C1A6F17A57B}
		{41686E91-5D19-47A2-BF23-47DE6C560472} = {97AC1225-1A60-4F6F-B27F-3C1A6F17A57B}
	EndGlobalSection
	GlobalSection(ExtensibilityGlobals) = postSolution
		SolutionGuid = {970CAF5F-1481-4CC9-B931-1F804EB7A6A5}
	EndGlobalSection
EndGlobal
