
Microsoft Visual Studio Solution File, Format Version 12.00
# Visual Studio Version 17
VisualStudioVersion = 17.7.34024.191
MinimumVisualStudioVersion = 10.0.40219.1
Project("{2150E333-8FDC-42A3-9474-1A3956D46DE8}") = "Kyo 6 - Multiples of 3 or 5", "Kyo 6 - Multiples of 3 or 5", "{D259D068-083A-473C-AD18-43E09B7816B5}"
EndProject
Project("{2150E333-8FDC-42A3-9474-1A3956D46DE8}") = "Kyu 6 - Split Strings", "Kyu 6 - Split Strings", "{45188ED4-11D5-46DD-9C83-A64CD22292F2}"
EndProject
Project("{FAE04EC0-301F-11D3-BF4B-00C04F79EFBC}") = "KataSolution", "Kyu 6 - Split Strings\KataSolution\KataSolution.csproj", "{93E5AF36-0F60-426D-B954-4E91309B4645}"
EndProject
Project("{9A19103F-16F7-4668-BE54-9A1E7A4F7556}") = "TestProject", "Kyu 6 - Split Strings\TestProject\TestProject.csproj", "{FB5A5C97-2270-487A-A304-D3D8C15FF198}"
EndProject
Project("{2150E333-8FDC-42A3-9474-1A3956D46DE8}") = "Kyo 7 - Consecutive numbers", "Kyo 7 - Consecutive numbers", "{EBEA6BDE-08EF-4845-821F-5B5D514D3BEB}"
EndProject
Project("{2150E333-8FDC-42A3-9474-1A3956D46DE8}") = "Kyu 8 - Multiply", "Kyu 8 - Multiply", "{72EC37B8-BCB0-4EFF-8BD8-6FB806938861}"
EndProject
Project("{2150E333-8FDC-42A3-9474-1A3956D46DE8}") = "Kyu 8 - Grasshopper", "Kyu 8 - Grasshopper", "{21457588-26CD-4525-9467-02101DDFB51F}"
EndProject
Project("{FAE04EC0-301F-11D3-BF4B-00C04F79EFBC}") = "KataSolution", "Kyo 6 - Multiples of 3 or 5\KataSolution\KataSolution.csproj", "{33EA8DAE-E6FA-4B97-AC68-4D205F9EB182}"
EndProject
Project("{FAE04EC0-301F-11D3-BF4B-00C04F79EFBC}") = "KataSolution", "Kyo 7 - Consecutive numbers\KataSolution\KataSolution.csproj", "{61FB9EBE-60D0-447E-9456-A12DCC168C4D}"
EndProject
Project("{FAE04EC0-301F-11D3-BF4B-00C04F79EFBC}") = "KataSolution", "Kyu 8 - Grasshopper\KataSolution\KataSolution.csproj", "{6410BBF8-08E4-4F5C-AE7B-3BCFC0EA6A2A}"
EndProject
Project("{FAE04EC0-301F-11D3-BF4B-00C04F79EFBC}") = "KataSolution", "KataSolution\KataSolution.csproj", "{F39D9929-8477-49C0-8D50-09FB1E8D9EC9}"
EndProject
Project("{FAE04EC0-301F-11D3-BF4B-00C04F79EFBC}") = "TestProject", "Kyu 8 - Multiply\TestProject\TestProject.csproj", "{9A93F932-7BDD-4649-9F1D-E18E2B43F17E}"
EndProject
Project("{FAE04EC0-301F-11D3-BF4B-00C04F79EFBC}") = "TestProject", "Kyu 8 - Grasshopper\TestProject\TestProject.csproj", "{2ADB52EB-4173-485A-8599-D81B654761ED}"
EndProject
Project("{FAE04EC0-301F-11D3-BF4B-00C04F79EFBC}") = "TestProject", "Kyo 7 - Consecutive numbers\TestProject\TestProject.csproj", "{FDBC3619-4918-4C97-9719-AB547F69A0C3}"
EndProject
Project("{FAE04EC0-301F-11D3-BF4B-00C04F79EFBC}") = "TestProject", "Kyo 6 - Multiples of 3 or 5\TestProject\TestProject.csproj", "{DE6BC5FA-ABC4-466D-9F09-6AEB6E561E5E}"
EndProject
Global
	GlobalSection(SolutionConfigurationPlatforms) = preSolution
		Debug|Any CPU = Debug|Any CPU
		Release|Any CPU = Release|Any CPU
	EndGlobalSection
	GlobalSection(ProjectConfigurationPlatforms) = postSolution
		{93E5AF36-0F60-426D-B954-4E91309B4645}.Debug|Any CPU.ActiveCfg = Debug|Any CPU
		{93E5AF36-0F60-426D-B954-4E91309B4645}.Debug|Any CPU.Build.0 = Debug|Any CPU
		{93E5AF36-0F60-426D-B954-4E91309B4645}.Release|Any CPU.ActiveCfg = Release|Any CPU
		{93E5AF36-0F60-426D-B954-4E91309B4645}.Release|Any CPU.Build.0 = Release|Any CPU
		{FB5A5C97-2270-487A-A304-D3D8C15FF198}.Debug|Any CPU.ActiveCfg = Debug|Any CPU
		{FB5A5C97-2270-487A-A304-D3D8C15FF198}.Debug|Any CPU.Build.0 = Debug|Any CPU
		{FB5A5C97-2270-487A-A304-D3D8C15FF198}.Release|Any CPU.ActiveCfg = Release|Any CPU
		{FB5A5C97-2270-487A-A304-D3D8C15FF198}.Release|Any CPU.Build.0 = Release|Any CPU
		{33EA8DAE-E6FA-4B97-AC68-4D205F9EB182}.Debug|Any CPU.ActiveCfg = Debug|Any CPU
		{33EA8DAE-E6FA-4B97-AC68-4D205F9EB182}.Debug|Any CPU.Build.0 = Debug|Any CPU
		{33EA8DAE-E6FA-4B97-AC68-4D205F9EB182}.Release|Any CPU.ActiveCfg = Release|Any CPU
		{33EA8DAE-E6FA-4B97-AC68-4D205F9EB182}.Release|Any CPU.Build.0 = Release|Any CPU
		{61FB9EBE-60D0-447E-9456-A12DCC168C4D}.Debug|Any CPU.ActiveCfg = Debug|Any CPU
		{61FB9EBE-60D0-447E-9456-A12DCC168C4D}.Debug|Any CPU.Build.0 = Debug|Any CPU
		{61FB9EBE-60D0-447E-9456-A12DCC168C4D}.Release|Any CPU.ActiveCfg = Release|Any CPU
		{61FB9EBE-60D0-447E-9456-A12DCC168C4D}.Release|Any CPU.Build.0 = Release|Any CPU
		{6410BBF8-08E4-4F5C-AE7B-3BCFC0EA6A2A}.Debug|Any CPU.ActiveCfg = Debug|Any CPU
		{6410BBF8-08E4-4F5C-AE7B-3BCFC0EA6A2A}.Debug|Any CPU.Build.0 = Debug|Any CPU
		{6410BBF8-08E4-4F5C-AE7B-3BCFC0EA6A2A}.Release|Any CPU.ActiveCfg = Release|Any CPU
		{6410BBF8-08E4-4F5C-AE7B-3BCFC0EA6A2A}.Release|Any CPU.Build.0 = Release|Any CPU
		{F39D9929-8477-49C0-8D50-09FB1E8D9EC9}.Debug|Any CPU.ActiveCfg = Debug|Any CPU
		{F39D9929-8477-49C0-8D50-09FB1E8D9EC9}.Debug|Any CPU.Build.0 = Debug|Any CPU
		{F39D9929-8477-49C0-8D50-09FB1E8D9EC9}.Release|Any CPU.ActiveCfg = Release|Any CPU
		{F39D9929-8477-49C0-8D50-09FB1E8D9EC9}.Release|Any CPU.Build.0 = Release|Any CPU
		{9A93F932-7BDD-4649-9F1D-E18E2B43F17E}.Debug|Any CPU.ActiveCfg = Debug|Any CPU
		{9A93F932-7BDD-4649-9F1D-E18E2B43F17E}.Debug|Any CPU.Build.0 = Debug|Any CPU
		{9A93F932-7BDD-4649-9F1D-E18E2B43F17E}.Release|Any CPU.ActiveCfg = Release|Any CPU
		{9A93F932-7BDD-4649-9F1D-E18E2B43F17E}.Release|Any CPU.Build.0 = Release|Any CPU
		{2ADB52EB-4173-485A-8599-D81B654761ED}.Debug|Any CPU.ActiveCfg = Debug|Any CPU
		{2ADB52EB-4173-485A-8599-D81B654761ED}.Debug|Any CPU.Build.0 = Debug|Any CPU
		{2ADB52EB-4173-485A-8599-D81B654761ED}.Release|Any CPU.ActiveCfg = Release|Any CPU
		{2ADB52EB-4173-485A-8599-D81B654761ED}.Release|Any CPU.Build.0 = Release|Any CPU
		{FDBC3619-4918-4C97-9719-AB547F69A0C3}.Debug|Any CPU.ActiveCfg = Debug|Any CPU
		{FDBC3619-4918-4C97-9719-AB547F69A0C3}.Debug|Any CPU.Build.0 = Debug|Any CPU
		{FDBC3619-4918-4C97-9719-AB547F69A0C3}.Release|Any CPU.ActiveCfg = Release|Any CPU
		{FDBC3619-4918-4C97-9719-AB547F69A0C3}.Release|Any CPU.Build.0 = Release|Any CPU
		{DE6BC5FA-ABC4-466D-9F09-6AEB6E561E5E}.Debug|Any CPU.ActiveCfg = Debug|Any CPU
		{DE6BC5FA-ABC4-466D-9F09-6AEB6E561E5E}.Debug|Any CPU.Build.0 = Debug|Any CPU
		{DE6BC5FA-ABC4-466D-9F09-6AEB6E561E5E}.Release|Any CPU.ActiveCfg = Release|Any CPU
		{DE6BC5FA-ABC4-466D-9F09-6AEB6E561E5E}.Release|Any CPU.Build.0 = Release|Any CPU
	EndGlobalSection
	GlobalSection(SolutionProperties) = preSolution
		HideSolutionNode = FALSE
	EndGlobalSection
	GlobalSection(NestedProjects) = preSolution
		{D259D068-083A-473C-AD18-43E09B7816B5} = {EBEA6BDE-08EF-4845-821F-5B5D514D3BEB}
		{93E5AF36-0F60-426D-B954-4E91309B4645} = {45188ED4-11D5-46DD-9C83-A64CD22292F2}
		{FB5A5C97-2270-487A-A304-D3D8C15FF198} = {45188ED4-11D5-46DD-9C83-A64CD22292F2}
		{33EA8DAE-E6FA-4B97-AC68-4D205F9EB182} = {D259D068-083A-473C-AD18-43E09B7816B5}
		{61FB9EBE-60D0-447E-9456-A12DCC168C4D} = {EBEA6BDE-08EF-4845-821F-5B5D514D3BEB}
		{6410BBF8-08E4-4F5C-AE7B-3BCFC0EA6A2A} = {21457588-26CD-4525-9467-02101DDFB51F}
		{F39D9929-8477-49C0-8D50-09FB1E8D9EC9} = {72EC37B8-BCB0-4EFF-8BD8-6FB806938861}
		{9A93F932-7BDD-4649-9F1D-E18E2B43F17E} = {72EC37B8-BCB0-4EFF-8BD8-6FB806938861}
		{2ADB52EB-4173-485A-8599-D81B654761ED} = {21457588-26CD-4525-9467-02101DDFB51F}
		{FDBC3619-4918-4C97-9719-AB547F69A0C3} = {EBEA6BDE-08EF-4845-821F-5B5D514D3BEB}
		{DE6BC5FA-ABC4-466D-9F09-6AEB6E561E5E} = {D259D068-083A-473C-AD18-43E09B7816B5}
	EndGlobalSection
	GlobalSection(ExtensibilityGlobals) = postSolution
		SolutionGuid = {970CAF5F-1481-4CC9-B931-1F804EB7A6A5}
	EndGlobalSection
EndGlobal
