
Microsoft Visual Studio Solution File, Format Version 12.00
# Visual Studio Version 17
VisualStudioVersion = 17.7.34024.191
MinimumVisualStudioVersion = 10.0.40219.1
Project("{FAE04EC0-301F-11D3-BF4B-00C04F79EFBC}") = "ConsoleApp1", "ConsoleApp1\ConsoleApp1.csproj", "{ACD96D2A-F5B8-477B-95AD-1DA44619063F}"
EndProject
Project("{FAE04EC0-301F-11D3-BF4B-00C04F79EFBC}") = "TestProject1", "TestProject1\TestProject1.csproj", "{60F7FA3F-016A-4383-8308-54562A9B6493}"
EndProject
Global
	GlobalSection(SolutionConfigurationPlatforms) = preSolution
		Debug|Any CPU = Debug|Any CPU
		Release|Any CPU = Release|Any CPU
	EndGlobalSection
	GlobalSection(ProjectConfigurationPlatforms) = postSolution
		{ACD96D2A-F5B8-477B-95AD-1DA44619063F}.Debug|Any CPU.ActiveCfg = Debug|Any CPU
		{ACD96D2A-F5B8-477B-95AD-1DA44619063F}.Debug|Any CPU.Build.0 = Debug|Any CPU
		{ACD96D2A-F5B8-477B-95AD-1DA44619063F}.Release|Any CPU.ActiveCfg = Release|Any CPU
		{ACD96D2A-F5B8-477B-95AD-1DA44619063F}.Release|Any CPU.Build.0 = Release|Any CPU
		{60F7FA3F-016A-4383-8308-54562A9B6493}.Debug|Any CPU.ActiveCfg = Debug|Any CPU
		{60F7FA3F-016A-4383-8308-54562A9B6493}.Debug|Any CPU.Build.0 = Debug|Any CPU
		{60F7FA3F-016A-4383-8308-54562A9B6493}.Release|Any CPU.ActiveCfg = Release|Any CPU
		{60F7FA3F-016A-4383-8308-54562A9B6493}.Release|Any CPU.Build.0 = Release|Any CPU
	EndGlobalSection
	GlobalSection(SolutionProperties) = preSolution
		HideSolutionNode = FALSE
	EndGlobalSection
	GlobalSection(ExtensibilityGlobals) = postSolution
		SolutionGuid = {A248BEFA-23EC-4C13-B240-FBA971611796}
	EndGlobalSection
EndGlobal
